// !$*UTF8*$!
{
	archiveVersion = 1;
	classes = {
	};
	objectVersion = 46;
	objects = {

/* Begin PBXBuildFile section */
		15C64823165F391E007D4F18 /* Cocoa.framework in Frameworks */ = {isa = PBXBuildFile; fileRef = 15C64822165F391E007D4F18 /* Cocoa.framework */; };
		15C64825165F3934007D4F18 /* OpenGL.framework in Frameworks */ = {isa = PBXBuildFile; fileRef = 15C64824165F3934007D4F18 /* OpenGL.framework */; };
		15C64827165F394E007D4F18 /* QuartzCore.framework in Frameworks */ = {isa = PBXBuildFile; fileRef = 15C64826165F394E007D4F18 /* QuartzCore.framework */; };
		15C64829165F396B007D4F18 /* OpenAL.framework in Frameworks */ = {isa = PBXBuildFile; fileRef = 15C64828165F396B007D4F18 /* OpenAL.framework */; };
		15C6482B165F3979007D4F18 /* ApplicationServices.framework in Frameworks */ = {isa = PBXBuildFile; fileRef = 15C6482A165F3979007D4F18 /* ApplicationServices.framework */; };
		15C6482D165F3988007D4F18 /* AudioToolbox.framework in Frameworks */ = {isa = PBXBuildFile; fileRef = 15C6482C165F3988007D4F18 /* AudioToolbox.framework */; };
		15C6482F165F399D007D4F18 /* libz.dylib in Frameworks */ = {isa = PBXBuildFile; fileRef = 15C6482E165F399D007D4F18 /* libz.dylib */; };
		15C64831165F39AB007D4F18 /* libxml2.dylib in Frameworks */ = {isa = PBXBuildFile; fileRef = 15C64830165F39AB007D4F18 /* libxml2.dylib */; };
		15C64833165F3AFD007D4F18 /* Foundation.framework in Frameworks */ = {isa = PBXBuildFile; fileRef = 15C64832165F3AFD007D4F18 /* Foundation.framework */; };
		15C6498716633E65007D4F18 /* libcurl.a in Frameworks */ = {isa = PBXBuildFile; fileRef = 15C6498616633E65007D4F18 /* libcurl.a */; };
		1AF4C39717865FD400122817 /* libbox2d Mac.a in Frameworks */ = {isa = PBXBuildFile; fileRef = 1AF4C37817865FB200122817 /* libbox2d Mac.a */; };
		1AF4C39917865FD400122817 /* libcocos2dx Mac.a in Frameworks */ = {isa = PBXBuildFile; fileRef = 1AF4C37217865FB200122817 /* libcocos2dx Mac.a */; };
		1AF4C39A17865FD400122817 /* libcocos2dx-extensions Mac.a in Frameworks */ = {isa = PBXBuildFile; fileRef = 1AF4C37417865FB200122817 /* libcocos2dx-extensions Mac.a */; };
		1AF4C39B17865FD400122817 /* libCocosDenshion Mac.a in Frameworks */ = {isa = PBXBuildFile; fileRef = 1AF4C37A17865FB200122817 /* libCocosDenshion Mac.a */; };
		1AFAF8CA16D3886000DB1158 /* AppDelegate.cpp in Sources */ = {isa = PBXBuildFile; fileRef = 1AFAF8C616D3886000DB1158 /* AppDelegate.cpp */; };
		41BC70E415BF81A5006A0A6C /* AppController.mm in Sources */ = {isa = PBXBuildFile; fileRef = 41BC70DA15BF81A5006A0A6C /* AppController.mm */; };
		41BC70E515BF81A5006A0A6C /* InfoPlist.strings in Resources */ = {isa = PBXBuildFile; fileRef = 41BC70DC15BF81A5006A0A6C /* InfoPlist.strings */; };
		41BC70E615BF81A5006A0A6C /* MainMenu.xib in Resources */ = {isa = PBXBuildFile; fileRef = 41BC70DE15BF81A5006A0A6C /* MainMenu.xib */; };
		41BC70E715BF81A5006A0A6C /* Icon.icns in Resources */ = {isa = PBXBuildFile; fileRef = 41BC70E015BF81A5006A0A6C /* Icon.icns */; };
		41BC70E815BF81A5006A0A6C /* main.m in Sources */ = {isa = PBXBuildFile; fileRef = 41BC70E115BF81A5006A0A6C /* main.m */; };
		62442A3617C86AE80038F7AB /* B2DebugDrawLayer.cpp in Sources */ = {isa = PBXBuildFile; fileRef = 62442A3217C86AE80038F7AB /* B2DebugDrawLayer.cpp */; };
		62442A3717C86AE80038F7AB /* GLES-Render.cpp in Sources */ = {isa = PBXBuildFile; fileRef = 62442A3417C86AE80038F7AB /* GLES-Render.cpp */; };
		62442A7417C91FA20038F7AB /* BAContactListener.cpp in Sources */ = {isa = PBXBuildFile; fileRef = 62442A3C17C91F9D0038F7AB /* BAContactListener.cpp */; };
		62442A7517C91FA20038F7AB /* BaseLayer.cpp in Sources */ = {isa = PBXBuildFile; fileRef = 62442A3E17C91F9D0038F7AB /* BaseLayer.cpp */; };
		62442A7617C91FA20038F7AB /* HudPowerBar.cpp in Sources */ = {isa = PBXBuildFile; fileRef = 62442A4017C91F9D0038F7AB /* HudPowerBar.cpp */; };
		62442A7817C91FA20038F7AB /* Collectable.cpp in Sources */ = {isa = PBXBuildFile; fileRef = 62442A4717C91F9F0038F7AB /* Collectable.cpp */; };
		62442A7C17C91FA20038F7AB /* CollectableSpawnPoint.cpp in Sources */ = {isa = PBXBuildFile; fileRef = 62442A4F17C91F9F0038F7AB /* CollectableSpawnPoint.cpp */; };
		62442A7D17C91FA20038F7AB /* Enemy.cpp in Sources */ = {isa = PBXBuildFile; fileRef = 62442A5217C91F9F0038F7AB /* Enemy.cpp */; };
		62442A7E17C91FA20038F7AB /* BadNeuron.cpp in Sources */ = {isa = PBXBuildFile; fileRef = 62442A5417C91F9F0038F7AB /* BadNeuron.cpp */; };
		62442A8117C91FA20038F7AB /* EnemySpawnPoint.cpp in Sources */ = {isa = PBXBuildFile; fileRef = 62442A5A17C91F9F0038F7AB /* EnemySpawnPoint.cpp */; };
		62442A8217C91FA20038F7AB /* Player.cpp in Sources */ = {isa = PBXBuildFile; fileRef = 62442A5C17C91F9F0038F7AB /* Player.cpp */; };
		62442A8417C91FA20038F7AB /* Nerve.cpp in Sources */ = {isa = PBXBuildFile; fileRef = 62442A6117C91F9F0038F7AB /* Nerve.cpp */; };
		62442A8817C91FA20038F7AB /* GameObject.cpp in Sources */ = {isa = PBXBuildFile; fileRef = 62442A6917C91F9F0038F7AB /* GameObject.cpp */; };
		62442A8917C91FA20038F7AB /* GamePlay.cpp in Sources */ = {isa = PBXBuildFile; fileRef = 62442A6B17C91F9F0038F7AB /* GamePlay.cpp */; };
		62442A8A17C91FA20038F7AB /* HudApneaBar.cpp in Sources */ = {isa = PBXBuildFile; fileRef = 62442A6D17C91FA10038F7AB /* HudApneaBar.cpp */; };
		62442A8B17C91FA20038F7AB /* GameoverScene.cpp in Sources */ = {isa = PBXBuildFile; fileRef = 62442A7017C91FA20038F7AB /* GameoverScene.cpp */; };
		62442A8C17C91FA20038F7AB /* TitleScene.cpp in Sources */ = {isa = PBXBuildFile; fileRef = 62442A7217C91FA20038F7AB /* TitleScene.cpp */; };
		62442A9117C92DC70038F7AB /* main in Resources */ = {isa = PBXBuildFile; fileRef = 62442A9017C92DC70038F7AB /* main */; };
		62472F7417C98582005BD0C4 /* LevelTransition.cpp in Sources */ = {isa = PBXBuildFile; fileRef = 62472F7217C98582005BD0C4 /* LevelTransition.cpp */; };
		62472F8317C9B058005BD0C4 /* Pulse.cpp in Sources */ = {isa = PBXBuildFile; fileRef = 62472F8117C9B058005BD0C4 /* Pulse.cpp */; };
		62472F8917C9C320005BD0C4 /* GameState.cpp in Sources */ = {isa = PBXBuildFile; fileRef = 62472F8717C9C320005BD0C4 /* GameState.cpp */; };
/* End PBXBuildFile section */

/* Begin PBXContainerItemProxy section */
		1AF4C37117865FB200122817 /* PBXContainerItemProxy */ = {
			isa = PBXContainerItemProxy;
			containerPortal = 1AF4C35E17865FB100122817 /* cocos2d_libs.xcodeproj */;
			proxyType = 2;
			remoteGlobalIDString = 1551A33F158F2AB200E66CFE;
			remoteInfo = "cocos2dx Mac";
		};
		1AF4C37317865FB200122817 /* PBXContainerItemProxy */ = {
			isa = PBXContainerItemProxy;
			containerPortal = 1AF4C35E17865FB100122817 /* cocos2d_libs.xcodeproj */;
			proxyType = 2;
			remoteGlobalIDString = A03F2FD617814595006731B9;
			remoteInfo = "cocos2dx-extensions Mac";
		};
		1AF4C37517865FB200122817 /* PBXContainerItemProxy */ = {
			isa = PBXContainerItemProxy;
			containerPortal = 1AF4C35E17865FB100122817 /* cocos2d_libs.xcodeproj */;
			proxyType = 2;
			remoteGlobalIDString = A03F2CB81780BD04006731B9;
			remoteInfo = "chipmunk Mac";
		};
		1AF4C37717865FB200122817 /* PBXContainerItemProxy */ = {
			isa = PBXContainerItemProxy;
			containerPortal = 1AF4C35E17865FB100122817 /* cocos2d_libs.xcodeproj */;
			proxyType = 2;
			remoteGlobalIDString = A03F2D9B1780BDF7006731B9;
			remoteInfo = "box2d Mac";
		};
		1AF4C37917865FB200122817 /* PBXContainerItemProxy */ = {
			isa = PBXContainerItemProxy;
			containerPortal = 1AF4C35E17865FB100122817 /* cocos2d_libs.xcodeproj */;
			proxyType = 2;
			remoteGlobalIDString = A03F2ED617814268006731B9;
			remoteInfo = "CocosDenshion Mac";
		};
		1AF4C37B17865FB200122817 /* PBXContainerItemProxy */ = {
			isa = PBXContainerItemProxy;
			containerPortal = 1AF4C35E17865FB100122817 /* cocos2d_libs.xcodeproj */;
			proxyType = 2;
			remoteGlobalIDString = A03F31FD1781479B006731B9;
			remoteInfo = "jsbindings Mac";
		};
		1AF4C37D17865FB200122817 /* PBXContainerItemProxy */ = {
			isa = PBXContainerItemProxy;
			containerPortal = 1AF4C35E17865FB100122817 /* cocos2d_libs.xcodeproj */;
			proxyType = 2;
			remoteGlobalIDString = 1A6FB53017854BC300CDF010;
			remoteInfo = "luabindings Mac";
		};
		1AF4C37F17865FB200122817 /* PBXContainerItemProxy */ = {
			isa = PBXContainerItemProxy;
			containerPortal = 1AF4C35E17865FB100122817 /* cocos2d_libs.xcodeproj */;
			proxyType = 2;
			remoteGlobalIDString = A07A4D641783777C0073F6A7;
			remoteInfo = "cocos2dx iOS";
		};
		1AF4C38117865FB200122817 /* PBXContainerItemProxy */ = {
			isa = PBXContainerItemProxy;
			containerPortal = 1AF4C35E17865FB100122817 /* cocos2d_libs.xcodeproj */;
			proxyType = 2;
			remoteGlobalIDString = A07A4EFC1783867C0073F6A7;
			remoteInfo = "cocos2dx-extensions iOS";
		};
		1AF4C38317865FB200122817 /* PBXContainerItemProxy */ = {
			isa = PBXContainerItemProxy;
			containerPortal = 1AF4C35E17865FB100122817 /* cocos2d_libs.xcodeproj */;
			proxyType = 2;
			remoteGlobalIDString = A07A4F3B178387670073F6A7;
			remoteInfo = "chipmunk iOS";
		};
		1AF4C38517865FB200122817 /* PBXContainerItemProxy */ = {
			isa = PBXContainerItemProxy;
			containerPortal = 1AF4C35E17865FB100122817 /* cocos2d_libs.xcodeproj */;
			proxyType = 2;
			remoteGlobalIDString = A07A4F9E1783876B0073F6A7;
			remoteInfo = "box2d iOS";
		};
		1AF4C38717865FB200122817 /* PBXContainerItemProxy */ = {
			isa = PBXContainerItemProxy;
			containerPortal = 1AF4C35E17865FB100122817 /* cocos2d_libs.xcodeproj */;
			proxyType = 2;
			remoteGlobalIDString = A07A4FB4178387730073F6A7;
			remoteInfo = "CocosDenshion iOS";
		};
		1AF4C38917865FB200122817 /* PBXContainerItemProxy */ = {
			isa = PBXContainerItemProxy;
			containerPortal = 1AF4C35E17865FB100122817 /* cocos2d_libs.xcodeproj */;
			proxyType = 2;
			remoteGlobalIDString = A07A5030178387750073F6A7;
			remoteInfo = "jsbindings iOS";
		};
		1AF4C38B17865FB200122817 /* PBXContainerItemProxy */ = {
			isa = PBXContainerItemProxy;
			containerPortal = 1AF4C35E17865FB100122817 /* cocos2d_libs.xcodeproj */;
			proxyType = 2;
			remoteGlobalIDString = 1A119791178526AA00D62A44;
			remoteInfo = "luabindings iOS";
		};
		1AF4C38D17865FC700122817 /* PBXContainerItemProxy */ = {
			isa = PBXContainerItemProxy;
			containerPortal = 1AF4C35E17865FB100122817 /* cocos2d_libs.xcodeproj */;
			proxyType = 1;
			remoteGlobalIDString = 1551A33E158F2AB200E66CFE;
			remoteInfo = "cocos2dx Mac";
		};
		1AF4C38F17865FC700122817 /* PBXContainerItemProxy */ = {
			isa = PBXContainerItemProxy;
			containerPortal = 1AF4C35E17865FB100122817 /* cocos2d_libs.xcodeproj */;
			proxyType = 1;
			remoteGlobalIDString = A03F2FC117814595006731B9;
			remoteInfo = "cocos2dx-extensions Mac";
		};
		1AF4C39117865FC700122817 /* PBXContainerItemProxy */ = {
			isa = PBXContainerItemProxy;
			containerPortal = 1AF4C35E17865FB100122817 /* cocos2d_libs.xcodeproj */;
			proxyType = 1;
			remoteGlobalIDString = A03F2B781780BD04006731B9;
			remoteInfo = "chipmunk Mac";
		};
		1AF4C39317865FC700122817 /* PBXContainerItemProxy */ = {
			isa = PBXContainerItemProxy;
			containerPortal = 1AF4C35E17865FB100122817 /* cocos2d_libs.xcodeproj */;
			proxyType = 1;
			remoteGlobalIDString = A03F2D5D1780BDF7006731B9;
			remoteInfo = "box2d Mac";
		};
		1AF4C39517865FC700122817 /* PBXContainerItemProxy */ = {
			isa = PBXContainerItemProxy;
			containerPortal = 1AF4C35E17865FB100122817 /* cocos2d_libs.xcodeproj */;
			proxyType = 1;
			remoteGlobalIDString = A03F2E9817814268006731B9;
			remoteInfo = "CocosDenshion Mac";
		};
/* End PBXContainerItemProxy section */

/* Begin PBXFileReference section */
		15C64822165F391E007D4F18 /* Cocoa.framework */ = {isa = PBXFileReference; lastKnownFileType = wrapper.framework; name = Cocoa.framework; path = Platforms/MacOSX.platform/Developer/SDKs/MacOSX10.8.sdk/System/Library/Frameworks/Cocoa.framework; sourceTree = DEVELOPER_DIR; };
		15C64824165F3934007D4F18 /* OpenGL.framework */ = {isa = PBXFileReference; lastKnownFileType = wrapper.framework; name = OpenGL.framework; path = Platforms/MacOSX.platform/Developer/SDKs/MacOSX10.8.sdk/System/Library/Frameworks/OpenGL.framework; sourceTree = DEVELOPER_DIR; };
		15C64826165F394E007D4F18 /* QuartzCore.framework */ = {isa = PBXFileReference; lastKnownFileType = wrapper.framework; name = QuartzCore.framework; path = Platforms/MacOSX.platform/Developer/SDKs/MacOSX10.8.sdk/System/Library/Frameworks/QuartzCore.framework; sourceTree = DEVELOPER_DIR; };
		15C64828165F396B007D4F18 /* OpenAL.framework */ = {isa = PBXFileReference; lastKnownFileType = wrapper.framework; name = OpenAL.framework; path = Platforms/MacOSX.platform/Developer/SDKs/MacOSX10.8.sdk/System/Library/Frameworks/OpenAL.framework; sourceTree = DEVELOPER_DIR; };
		15C6482A165F3979007D4F18 /* ApplicationServices.framework */ = {isa = PBXFileReference; lastKnownFileType = wrapper.framework; name = ApplicationServices.framework; path = Platforms/MacOSX.platform/Developer/SDKs/MacOSX10.8.sdk/System/Library/Frameworks/ApplicationServices.framework; sourceTree = DEVELOPER_DIR; };
		15C6482C165F3988007D4F18 /* AudioToolbox.framework */ = {isa = PBXFileReference; lastKnownFileType = wrapper.framework; name = AudioToolbox.framework; path = Platforms/MacOSX.platform/Developer/SDKs/MacOSX10.8.sdk/System/Library/Frameworks/AudioToolbox.framework; sourceTree = DEVELOPER_DIR; };
		15C6482E165F399D007D4F18 /* libz.dylib */ = {isa = PBXFileReference; lastKnownFileType = "compiled.mach-o.dylib"; name = libz.dylib; path = Platforms/MacOSX.platform/Developer/SDKs/MacOSX10.8.sdk/usr/lib/libz.dylib; sourceTree = DEVELOPER_DIR; };
		15C64830165F39AB007D4F18 /* libxml2.dylib */ = {isa = PBXFileReference; lastKnownFileType = "compiled.mach-o.dylib"; name = libxml2.dylib; path = Platforms/MacOSX.platform/Developer/SDKs/MacOSX10.8.sdk/usr/lib/libxml2.dylib; sourceTree = DEVELOPER_DIR; };
		15C64832165F3AFD007D4F18 /* Foundation.framework */ = {isa = PBXFileReference; lastKnownFileType = wrapper.framework; name = Foundation.framework; path = Platforms/MacOSX.platform/Developer/SDKs/MacOSX10.8.sdk/System/Library/Frameworks/Foundation.framework; sourceTree = DEVELOPER_DIR; };
		15C6498616633E65007D4F18 /* libcurl.a */ = {isa = PBXFileReference; lastKnownFileType = archive.ar; name = libcurl.a; path = ../../cocos2dx/platform/third_party/ios/libraries/libcurl.a; sourceTree = "<group>"; };
		1AF4C35E17865FB100122817 /* cocos2d_libs.xcodeproj */ = {isa = PBXFileReference; lastKnownFileType = "wrapper.pb-project"; name = cocos2d_libs.xcodeproj; path = ../../../cocos2d_libs.xcodeproj; sourceTree = "<group>"; };
		1AFAF8C616D3886000DB1158 /* AppDelegate.cpp */ = {isa = PBXFileReference; fileEncoding = 4; lastKnownFileType = sourcecode.cpp.cpp; name = AppDelegate.cpp; path = ../Classes/AppDelegate.cpp; sourceTree = "<group>"; };
		1AFAF8C716D3886000DB1158 /* AppDelegate.h */ = {isa = PBXFileReference; fileEncoding = 4; lastKnownFileType = sourcecode.c.h; name = AppDelegate.h; path = ../Classes/AppDelegate.h; sourceTree = "<group>"; };
		1D6058910D05DD3D006BFB54 /* LudumDare27.app */ = {isa = PBXFileReference; explicitFileType = wrapper.application; includeInIndex = 0; path = LudumDare27.app; sourceTree = BUILT_PRODUCTS_DIR; };
		41BC70D915BF81A5006A0A6C /* AppController.h */ = {isa = PBXFileReference; fileEncoding = 4; lastKnownFileType = sourcecode.c.h; path = AppController.h; sourceTree = SOURCE_ROOT; };
		41BC70DA15BF81A5006A0A6C /* AppController.mm */ = {isa = PBXFileReference; fileEncoding = 4; lastKnownFileType = sourcecode.cpp.objcpp; path = AppController.mm; sourceTree = SOURCE_ROOT; };
		41BC70DD15BF81A5006A0A6C /* en */ = {isa = PBXFileReference; lastKnownFileType = text.plist.strings; name = en; path = InfoPlist.strings; sourceTree = "<group>"; };
		41BC70DF15BF81A5006A0A6C /* en */ = {isa = PBXFileReference; lastKnownFileType = file.xib; name = en; path = MainMenu.xib; sourceTree = "<group>"; };
		41BC70E015BF81A5006A0A6C /* Icon.icns */ = {isa = PBXFileReference; lastKnownFileType = image.icns; path = Icon.icns; sourceTree = SOURCE_ROOT; };
		41BC70E115BF81A5006A0A6C /* main.m */ = {isa = PBXFileReference; fileEncoding = 4; lastKnownFileType = sourcecode.c.objc; path = main.m; sourceTree = SOURCE_ROOT; };
		41BC70E215BF81A5006A0A6C /* Info.plist */ = {isa = PBXFileReference; fileEncoding = 4; lastKnownFileType = text.plist.xml; path = Info.plist; sourceTree = SOURCE_ROOT; };
		41BC70E315BF81A5006A0A6C /* Prefix.pch */ = {isa = PBXFileReference; fileEncoding = 4; lastKnownFileType = sourcecode.c.h; path = Prefix.pch; sourceTree = SOURCE_ROOT; };
		62442A3217C86AE80038F7AB /* B2DebugDrawLayer.cpp */ = {isa = PBXFileReference; fileEncoding = 4; lastKnownFileType = sourcecode.cpp.cpp; path = B2DebugDrawLayer.cpp; sourceTree = "<group>"; };
		62442A3317C86AE80038F7AB /* B2DebugDrawLayer.h */ = {isa = PBXFileReference; fileEncoding = 4; lastKnownFileType = sourcecode.c.h; path = B2DebugDrawLayer.h; sourceTree = "<group>"; };
		62442A3417C86AE80038F7AB /* GLES-Render.cpp */ = {isa = PBXFileReference; fileEncoding = 4; lastKnownFileType = sourcecode.cpp.cpp; path = "GLES-Render.cpp"; sourceTree = "<group>"; };
		62442A3517C86AE80038F7AB /* GLES-Render.h */ = {isa = PBXFileReference; fileEncoding = 4; lastKnownFileType = sourcecode.c.h; path = "GLES-Render.h"; sourceTree = "<group>"; };
		62442A3C17C91F9D0038F7AB /* BAContactListener.cpp */ = {isa = PBXFileReference; fileEncoding = 4; lastKnownFileType = sourcecode.cpp.cpp; path = BAContactListener.cpp; sourceTree = "<group>"; };
		62442A3D17C91F9D0038F7AB /* BAContactListener.h */ = {isa = PBXFileReference; fileEncoding = 4; lastKnownFileType = sourcecode.c.h; path = BAContactListener.h; sourceTree = "<group>"; };
		62442A3E17C91F9D0038F7AB /* BaseLayer.cpp */ = {isa = PBXFileReference; fileEncoding = 4; lastKnownFileType = sourcecode.cpp.cpp; path = BaseLayer.cpp; sourceTree = "<group>"; };
		62442A3F17C91F9D0038F7AB /* BaseLayer.h */ = {isa = PBXFileReference; fileEncoding = 4; lastKnownFileType = sourcecode.c.h; path = BaseLayer.h; sourceTree = "<group>"; };
		62442A4017C91F9D0038F7AB /* HudPowerBar.cpp */ = {isa = PBXFileReference; fileEncoding = 4; lastKnownFileType = sourcecode.cpp.cpp; path = HudPowerBar.cpp; sourceTree = "<group>"; };
		62442A4117C91F9E0038F7AB /* HudPowerBar.h */ = {isa = PBXFileReference; fileEncoding = 4; lastKnownFileType = sourcecode.c.h; path = HudPowerBar.h; sourceTree = "<group>"; };
		62442A4217C91F9E0038F7AB /* Common.h */ = {isa = PBXFileReference; fileEncoding = 4; lastKnownFileType = sourcecode.c.h; path = Common.h; sourceTree = "<group>"; };
		62442A4717C91F9F0038F7AB /* Collectable.cpp */ = {isa = PBXFileReference; fileEncoding = 4; lastKnownFileType = sourcecode.cpp.cpp; path = Collectable.cpp; sourceTree = "<group>"; };
		62442A4817C91F9F0038F7AB /* Collectable.h */ = {isa = PBXFileReference; fileEncoding = 4; lastKnownFileType = sourcecode.c.h; path = Collectable.h; sourceTree = "<group>"; };
		62442A4F17C91F9F0038F7AB /* CollectableSpawnPoint.cpp */ = {isa = PBXFileReference; fileEncoding = 4; lastKnownFileType = sourcecode.cpp.cpp; path = CollectableSpawnPoint.cpp; sourceTree = "<group>"; };
		62442A5017C91F9F0038F7AB /* CollectableSpawnPoint.h */ = {isa = PBXFileReference; fileEncoding = 4; lastKnownFileType = sourcecode.c.h; path = CollectableSpawnPoint.h; sourceTree = "<group>"; };
		62442A5217C91F9F0038F7AB /* Enemy.cpp */ = {isa = PBXFileReference; fileEncoding = 4; lastKnownFileType = sourcecode.cpp.cpp; path = Enemy.cpp; sourceTree = "<group>"; };
		62442A5317C91F9F0038F7AB /* Enemy.h */ = {isa = PBXFileReference; fileEncoding = 4; lastKnownFileType = sourcecode.c.h; path = Enemy.h; sourceTree = "<group>"; };
		62442A5417C91F9F0038F7AB /* BadNeuron.cpp */ = {isa = PBXFileReference; fileEncoding = 4; lastKnownFileType = sourcecode.cpp.cpp; path = BadNeuron.cpp; sourceTree = "<group>"; };
		62442A5517C91F9F0038F7AB /* BadNeuron.h */ = {isa = PBXFileReference; fileEncoding = 4; lastKnownFileType = sourcecode.c.h; path = BadNeuron.h; sourceTree = "<group>"; };
		62442A5A17C91F9F0038F7AB /* EnemySpawnPoint.cpp */ = {isa = PBXFileReference; fileEncoding = 4; lastKnownFileType = sourcecode.cpp.cpp; path = EnemySpawnPoint.cpp; sourceTree = "<group>"; };
		62442A5B17C91F9F0038F7AB /* EnemySpawnPoint.h */ = {isa = PBXFileReference; fileEncoding = 4; lastKnownFileType = sourcecode.c.h; path = EnemySpawnPoint.h; sourceTree = "<group>"; };
		62442A5C17C91F9F0038F7AB /* Player.cpp */ = {isa = PBXFileReference; fileEncoding = 4; lastKnownFileType = sourcecode.cpp.cpp; path = Player.cpp; sourceTree = "<group>"; };
		62442A5D17C91F9F0038F7AB /* Player.h */ = {isa = PBXFileReference; fileEncoding = 4; lastKnownFileType = sourcecode.c.h; path = Player.h; sourceTree = "<group>"; };
		62442A6117C91F9F0038F7AB /* Nerve.cpp */ = {isa = PBXFileReference; fileEncoding = 4; lastKnownFileType = sourcecode.cpp.cpp; path = Nerve.cpp; sourceTree = "<group>"; };
		62442A6217C91F9F0038F7AB /* Nerve.h */ = {isa = PBXFileReference; fileEncoding = 4; lastKnownFileType = sourcecode.c.h; path = Nerve.h; sourceTree = "<group>"; };
		62442A6917C91F9F0038F7AB /* GameObject.cpp */ = {isa = PBXFileReference; fileEncoding = 4; lastKnownFileType = sourcecode.cpp.cpp; path = GameObject.cpp; sourceTree = "<group>"; };
		62442A6A17C91F9F0038F7AB /* GameObject.h */ = {isa = PBXFileReference; fileEncoding = 4; lastKnownFileType = sourcecode.c.h; path = GameObject.h; sourceTree = "<group>"; };
		62442A6B17C91F9F0038F7AB /* GamePlay.cpp */ = {isa = PBXFileReference; fileEncoding = 4; lastKnownFileType = sourcecode.cpp.cpp; path = GamePlay.cpp; sourceTree = "<group>"; };
		62442A6C17C91FA00038F7AB /* GamePlay.h */ = {isa = PBXFileReference; fileEncoding = 4; lastKnownFileType = sourcecode.c.h; path = GamePlay.h; sourceTree = "<group>"; };
		62442A6D17C91FA10038F7AB /* HudApneaBar.cpp */ = {isa = PBXFileReference; fileEncoding = 4; lastKnownFileType = sourcecode.cpp.cpp; path = HudApneaBar.cpp; sourceTree = "<group>"; };
		62442A6E17C91FA10038F7AB /* HudApneaBar.h */ = {isa = PBXFileReference; fileEncoding = 4; lastKnownFileType = sourcecode.c.h; path = HudApneaBar.h; sourceTree = "<group>"; };
		62442A7017C91FA20038F7AB /* GameoverScene.cpp */ = {isa = PBXFileReference; fileEncoding = 4; lastKnownFileType = sourcecode.cpp.cpp; path = GameoverScene.cpp; sourceTree = "<group>"; };
		62442A7117C91FA20038F7AB /* GameoverScene.h */ = {isa = PBXFileReference; fileEncoding = 4; lastKnownFileType = sourcecode.c.h; path = GameoverScene.h; sourceTree = "<group>"; };
		62442A7217C91FA20038F7AB /* TitleScene.cpp */ = {isa = PBXFileReference; fileEncoding = 4; lastKnownFileType = sourcecode.cpp.cpp; path = TitleScene.cpp; sourceTree = "<group>"; };
		62442A7317C91FA20038F7AB /* TitleScene.h */ = {isa = PBXFileReference; fileEncoding = 4; lastKnownFileType = sourcecode.c.h; path = TitleScene.h; sourceTree = "<group>"; };
		62442A9017C92DC70038F7AB /* main */ = {isa = PBXFileReference; lastKnownFileType = folder; path = main; sourceTree = "<group>"; };
		62472F7217C98582005BD0C4 /* LevelTransition.cpp */ = {isa = PBXFileReference; fileEncoding = 4; lastKnownFileType = sourcecode.cpp.cpp; name = LevelTransition.cpp; path = ../../Classes/Scenes/LevelTransition.cpp; sourceTree = "<group>"; };
		62472F7317C98582005BD0C4 /* LevelTransition.h */ = {isa = PBXFileReference; fileEncoding = 4; lastKnownFileType = sourcecode.c.h; name = LevelTransition.h; path = ../../Classes/Scenes/LevelTransition.h; sourceTree = "<group>"; };
		62472F8117C9B058005BD0C4 /* Pulse.cpp */ = {isa = PBXFileReference; fileEncoding = 4; lastKnownFileType = sourcecode.cpp.cpp; path = Pulse.cpp; sourceTree = "<group>"; };
		62472F8217C9B058005BD0C4 /* Pulse.h */ = {isa = PBXFileReference; fileEncoding = 4; lastKnownFileType = sourcecode.c.h; path = Pulse.h; sourceTree = "<group>"; };
		62472F8717C9C320005BD0C4 /* GameState.cpp */ = {isa = PBXFileReference; fileEncoding = 4; lastKnownFileType = sourcecode.cpp.cpp; name = GameState.cpp; path = ../Classes/GameState.cpp; sourceTree = "<group>"; };
		62472F8817C9C320005BD0C4 /* GameState.h */ = {isa = PBXFileReference; fileEncoding = 4; lastKnownFileType = sourcecode.c.h; name = GameState.h; path = ../Classes/GameState.h; sourceTree = "<group>"; };
/* End PBXFileReference section */

/* Begin PBXFrameworksBuildPhase section */
		1D60588F0D05DD3D006BFB54 /* Frameworks */ = {
			isa = PBXFrameworksBuildPhase;
			buildActionMask = 2147483647;
			files = (
				1AF4C39717865FD400122817 /* libbox2d Mac.a in Frameworks */,
				1AF4C39917865FD400122817 /* libcocos2dx Mac.a in Frameworks */,
				1AF4C39A17865FD400122817 /* libcocos2dx-extensions Mac.a in Frameworks */,
				1AF4C39B17865FD400122817 /* libCocosDenshion Mac.a in Frameworks */,
				15C6498716633E65007D4F18 /* libcurl.a in Frameworks */,
				15C64833165F3AFD007D4F18 /* Foundation.framework in Frameworks */,
				15C64831165F39AB007D4F18 /* libxml2.dylib in Frameworks */,
				15C6482F165F399D007D4F18 /* libz.dylib in Frameworks */,
				15C6482D165F3988007D4F18 /* AudioToolbox.framework in Frameworks */,
				15C6482B165F3979007D4F18 /* ApplicationServices.framework in Frameworks */,
				15C64829165F396B007D4F18 /* OpenAL.framework in Frameworks */,
				15C64827165F394E007D4F18 /* QuartzCore.framework in Frameworks */,
				15C64825165F3934007D4F18 /* OpenGL.framework in Frameworks */,
				15C64823165F391E007D4F18 /* Cocoa.framework in Frameworks */,
			);
			runOnlyForDeploymentPostprocessing = 0;
		};
/* End PBXFrameworksBuildPhase section */

/* Begin PBXGroup section */
		15AA9C4015B7EC450033D6C2 /* Classes */ = {
			isa = PBXGroup;
			children = (
				62442A3117C86AE80038F7AB /* B2DebugDraw */,
				62442A6F17C91FA10038F7AB /* Scenes */,
				62442A4317C91F9E0038F7AB /* Entities */,
				1AFAF8C616D3886000DB1158 /* AppDelegate.cpp */,
				1AFAF8C716D3886000DB1158 /* AppDelegate.h */,
				62442A3C17C91F9D0038F7AB /* BAContactListener.cpp */,
				62442A3D17C91F9D0038F7AB /* BAContactListener.h */,
				62442A3E17C91F9D0038F7AB /* BaseLayer.cpp */,
				62442A3F17C91F9D0038F7AB /* BaseLayer.h */,
				62442A4217C91F9E0038F7AB /* Common.h */,
				62442A6917C91F9F0038F7AB /* GameObject.cpp */,
				62442A6A17C91F9F0038F7AB /* GameObject.h */,
				62442A6B17C91F9F0038F7AB /* GamePlay.cpp */,
				62442A6C17C91FA00038F7AB /* GamePlay.h */,
				62442A4017C91F9D0038F7AB /* HudPowerBar.cpp */,
				62442A4117C91F9E0038F7AB /* HudPowerBar.h */,
				62442A6D17C91FA10038F7AB /* HudApneaBar.cpp */,
				62442A6E17C91FA10038F7AB /* HudApneaBar.h */,
				62472F8717C9C320005BD0C4 /* GameState.cpp */,
				62472F8817C9C320005BD0C4 /* GameState.h */,
			);
			name = Classes;
			path = ../classes;
			sourceTree = "<group>";
		};
		19C28FACFE9D520D11CA2CBB /* Products */ = {
			isa = PBXGroup;
			children = (
				1D6058910D05DD3D006BFB54 /* LudumDare27.app */,
			);
			name = Products;
			sourceTree = "<group>";
		};
		1AF4C35F17865FB100122817 /* Products */ = {
			isa = PBXGroup;
			children = (
				1AF4C37217865FB200122817 /* libcocos2dx Mac.a */,
				1AF4C37417865FB200122817 /* libcocos2dx-extensions Mac.a */,
				1AF4C37617865FB200122817 /* libchipmunk Mac.a */,
				1AF4C37817865FB200122817 /* libbox2d Mac.a */,
				1AF4C37A17865FB200122817 /* libCocosDenshion Mac.a */,
				1AF4C37C17865FB200122817 /* libjsbindings Mac.a */,
				1AF4C37E17865FB200122817 /* libluabindings Mac.a */,
				1AF4C38017865FB200122817 /* libcocos2dx iOS.a */,
				1AF4C38217865FB200122817 /* libcocos2dx-extensions iOS.a */,
				1AF4C38417865FB200122817 /* libchipmunk iOS.a */,
				1AF4C38617865FB200122817 /* libbox2d iOS.a */,
				1AF4C38817865FB200122817 /* libCocosDenshion iOS.a */,
				1AF4C38A17865FB200122817 /* libjsbindings iOS.a */,
				1AF4C38C17865FB200122817 /* libluabindings iOS.a */,
			);
			name = Products;
			sourceTree = "<group>";
		};
		29B97314FDCFA39411CA2CEA /* CustomTemplate */ = {
			isa = PBXGroup;
			children = (
				1AF4C35E17865FB100122817 /* cocos2d_libs.xcodeproj */,
				15AA9C4015B7EC450033D6C2 /* Classes */,
				29B97323FDCFA39411CA2CEA /* Frameworks */,
				41BC70D815BF818D006A0A6C /* mac */,
				19C28FACFE9D520D11CA2CBB /* Products */,
				78C7DDAA14EBA5050085D0C2 /* Resources */,
			);
			name = CustomTemplate;
			sourceTree = "<group>";
		};
		29B97323FDCFA39411CA2CEA /* Frameworks */ = {
			isa = PBXGroup;
			children = (
				15C6498616633E65007D4F18 /* libcurl.a */,
				15C64830165F39AB007D4F18 /* libxml2.dylib */,
				15C6482E165F399D007D4F18 /* libz.dylib */,
				15C6482C165F3988007D4F18 /* AudioToolbox.framework */,
				15C6482A165F3979007D4F18 /* ApplicationServices.framework */,
				15C64828165F396B007D4F18 /* OpenAL.framework */,
				15C64826165F394E007D4F18 /* QuartzCore.framework */,
				15C64824165F3934007D4F18 /* OpenGL.framework */,
				15C64822165F391E007D4F18 /* Cocoa.framework */,
				15C64832165F3AFD007D4F18 /* Foundation.framework */,
			);
			name = Frameworks;
			sourceTree = "<group>";
		};
		41BC70D815BF818D006A0A6C /* mac */ = {
			isa = PBXGroup;
			children = (
				41BC70D915BF81A5006A0A6C /* AppController.h */,
				41BC70DA15BF81A5006A0A6C /* AppController.mm */,
				41BC70DB15BF81A5006A0A6C /* en.lproj */,
				41BC70E015BF81A5006A0A6C /* Icon.icns */,
				41BC70E115BF81A5006A0A6C /* main.m */,
				41BC70E215BF81A5006A0A6C /* Info.plist */,
				41BC70E315BF81A5006A0A6C /* Prefix.pch */,
			);
			name = mac;
			path = ../Resources;
			sourceTree = "<group>";
		};
		41BC70DB15BF81A5006A0A6C /* en.lproj */ = {
			isa = PBXGroup;
			children = (
				41BC70DC15BF81A5006A0A6C /* InfoPlist.strings */,
				41BC70DE15BF81A5006A0A6C /* MainMenu.xib */,
			);
			path = en.lproj;
			sourceTree = SOURCE_ROOT;
		};
		62442A3117C86AE80038F7AB /* B2DebugDraw */ = {
			isa = PBXGroup;
			children = (
				62442A3217C86AE80038F7AB /* B2DebugDrawLayer.cpp */,
				62442A3317C86AE80038F7AB /* B2DebugDrawLayer.h */,
				62442A3417C86AE80038F7AB /* GLES-Render.cpp */,
				62442A3517C86AE80038F7AB /* GLES-Render.h */,
			);
			path = B2DebugDraw;
			sourceTree = "<group>";
		};
		62442A4317C91F9E0038F7AB /* Entities */ = {
			isa = PBXGroup;
			children = (
				62472F8017C9B058005BD0C4 /* Abstract */,
				62442A4417C91F9F0038F7AB /* Collectables */,
				62442A5117C91F9F0038F7AB /* Enemies */,
				62442A6017C91F9F0038F7AB /* Static */,
				62442A4F17C91F9F0038F7AB /* CollectableSpawnPoint.cpp */,
				62442A5017C91F9F0038F7AB /* CollectableSpawnPoint.h */,
				62442A5A17C91F9F0038F7AB /* EnemySpawnPoint.cpp */,
				62442A5B17C91F9F0038F7AB /* EnemySpawnPoint.h */,
				62442A5C17C91F9F0038F7AB /* Player.cpp */,
				62442A5D17C91F9F0038F7AB /* Player.h */,
			);
			path = Entities;
			sourceTree = "<group>";
		};
		62442A4417C91F9F0038F7AB /* Collectables */ = {
			isa = PBXGroup;
			children = (
				62442A4717C91F9F0038F7AB /* Collectable.cpp */,
				62442A4817C91F9F0038F7AB /* Collectable.h */,
			);
			path = Collectables;
			sourceTree = "<group>";
		};
		62442A5117C91F9F0038F7AB /* Enemies */ = {
			isa = PBXGroup;
			children = (
				62442A5217C91F9F0038F7AB /* Enemy.cpp */,
				62442A5317C91F9F0038F7AB /* Enemy.h */,
				62442A5417C91F9F0038F7AB /* BadNeuron.cpp */,
				62442A5517C91F9F0038F7AB /* BadNeuron.h */,
			);
			path = Enemies;
			sourceTree = "<group>";
		};
		62442A6017C91F9F0038F7AB /* Static */ = {
			isa = PBXGroup;
			children = (
				62442A6117C91F9F0038F7AB /* Nerve.cpp */,
				62442A6217C91F9F0038F7AB /* Nerve.h */,
			);
			path = Static;
			sourceTree = "<group>";
		};
		62442A6F17C91FA10038F7AB /* Scenes */ = {
			isa = PBXGroup;
			children = (
				62442A7017C91FA20038F7AB /* GameoverScene.cpp */,
				62442A7117C91FA20038F7AB /* GameoverScene.h */,
				62442A7217C91FA20038F7AB /* TitleScene.cpp */,
				62442A7317C91FA20038F7AB /* TitleScene.h */,
				62472F7217C98582005BD0C4 /* LevelTransition.cpp */,
				62472F7317C98582005BD0C4 /* LevelTransition.h */,
			);
			path = Scenes;
			sourceTree = "<group>";
		};
		62472F8017C9B058005BD0C4 /* Abstract */ = {
			isa = PBXGroup;
			children = (
				62472F8117C9B058005BD0C4 /* Pulse.cpp */,
				62472F8217C9B058005BD0C4 /* Pulse.h */,
			);
			name = Abstract;
			path = ../../Classes/Entities/Abstract;
			sourceTree = "<group>";
		};
		78C7DDAA14EBA5050085D0C2 /* Resources */ = {
			isa = PBXGroup;
			children = (
				62442A9017C92DC70038F7AB /* main */,
			);
			name = Resources;
			path = ../Resources;
			sourceTree = "<group>";
		};
/* End PBXGroup section */

/* Begin PBXNativeTarget section */
		1D6058900D05DD3D006BFB54 /* LudumDare27 */ = {
			isa = PBXNativeTarget;
			buildConfigurationList = 1D6058960D05DD3E006BFB54 /* Build configuration list for PBXNativeTarget "LudumDare27" */;
			buildPhases = (
				1D60588D0D05DD3D006BFB54 /* Resources */,
				1D60588E0D05DD3D006BFB54 /* Sources */,
				1D60588F0D05DD3D006BFB54 /* Frameworks */,
			);
			buildRules = (
			);
			dependencies = (
				1AF4C38E17865FC700122817 /* PBXTargetDependency */,
				1AF4C39017865FC700122817 /* PBXTargetDependency */,
				1AF4C39217865FC700122817 /* PBXTargetDependency */,
				1AF4C39417865FC700122817 /* PBXTargetDependency */,
				1AF4C39617865FC700122817 /* PBXTargetDependency */,
			);
			name = LudumDare27;
			productName = iphone;
			productReference = 1D6058910D05DD3D006BFB54 /* LudumDare27.app */;
			productType = "com.apple.product-type.application";
		};
/* End PBXNativeTarget section */

/* Begin PBXProject section */
		29B97313FDCFA39411CA2CEA /* Project object */ = {
			isa = PBXProject;
			attributes = {
				LastUpgradeCheck = 0430;
			};
			buildConfigurationList = C01FCF4E08A954540054247B /* Build configuration list for PBXProject "LudumDare27" */;
			compatibilityVersion = "Xcode 3.2";
			developmentRegion = English;
			hasScannedForEncodings = 1;
			knownRegions = (
				English,
				Japanese,
				French,
				German,
				en,
			);
			mainGroup = 29B97314FDCFA39411CA2CEA /* CustomTemplate */;
			projectDirPath = "";
			projectReferences = (
				{
					ProductGroup = 1AF4C35F17865FB100122817 /* Products */;
					ProjectRef = 1AF4C35E17865FB100122817 /* cocos2d_libs.xcodeproj */;
				},
			);
			projectRoot = "";
			targets = (
				1D6058900D05DD3D006BFB54 /* LudumDare27 */,
			);
		};
/* End PBXProject section */

/* Begin PBXReferenceProxy section */
		1AF4C37217865FB200122817 /* libcocos2dx Mac.a */ = {
			isa = PBXReferenceProxy;
			fileType = archive.ar;
			path = "libcocos2dx Mac.a";
			remoteRef = 1AF4C37117865FB200122817 /* PBXContainerItemProxy */;
			sourceTree = BUILT_PRODUCTS_DIR;
		};
		1AF4C37417865FB200122817 /* libcocos2dx-extensions Mac.a */ = {
			isa = PBXReferenceProxy;
			fileType = archive.ar;
			path = "libcocos2dx-extensions Mac.a";
			remoteRef = 1AF4C37317865FB200122817 /* PBXContainerItemProxy */;
			sourceTree = BUILT_PRODUCTS_DIR;
		};
		1AF4C37617865FB200122817 /* libchipmunk Mac.a */ = {
			isa = PBXReferenceProxy;
			fileType = archive.ar;
			path = "libchipmunk Mac.a";
			remoteRef = 1AF4C37517865FB200122817 /* PBXContainerItemProxy */;
			sourceTree = BUILT_PRODUCTS_DIR;
		};
		1AF4C37817865FB200122817 /* libbox2d Mac.a */ = {
			isa = PBXReferenceProxy;
			fileType = archive.ar;
			path = "libbox2d Mac.a";
			remoteRef = 1AF4C37717865FB200122817 /* PBXContainerItemProxy */;
			sourceTree = BUILT_PRODUCTS_DIR;
		};
		1AF4C37A17865FB200122817 /* libCocosDenshion Mac.a */ = {
			isa = PBXReferenceProxy;
			fileType = archive.ar;
			path = "libCocosDenshion Mac.a";
			remoteRef = 1AF4C37917865FB200122817 /* PBXContainerItemProxy */;
			sourceTree = BUILT_PRODUCTS_DIR;
		};
		1AF4C37C17865FB200122817 /* libjsbindings Mac.a */ = {
			isa = PBXReferenceProxy;
			fileType = archive.ar;
			path = "libjsbindings Mac.a";
			remoteRef = 1AF4C37B17865FB200122817 /* PBXContainerItemProxy */;
			sourceTree = BUILT_PRODUCTS_DIR;
		};
		1AF4C37E17865FB200122817 /* libluabindings Mac.a */ = {
			isa = PBXReferenceProxy;
			fileType = archive.ar;
			path = "libluabindings Mac.a";
			remoteRef = 1AF4C37D17865FB200122817 /* PBXContainerItemProxy */;
			sourceTree = BUILT_PRODUCTS_DIR;
		};
		1AF4C38017865FB200122817 /* libcocos2dx iOS.a */ = {
			isa = PBXReferenceProxy;
			fileType = archive.ar;
			path = "libcocos2dx iOS.a";
			remoteRef = 1AF4C37F17865FB200122817 /* PBXContainerItemProxy */;
			sourceTree = BUILT_PRODUCTS_DIR;
		};
		1AF4C38217865FB200122817 /* libcocos2dx-extensions iOS.a */ = {
			isa = PBXReferenceProxy;
			fileType = archive.ar;
			path = "libcocos2dx-extensions iOS.a";
			remoteRef = 1AF4C38117865FB200122817 /* PBXContainerItemProxy */;
			sourceTree = BUILT_PRODUCTS_DIR;
		};
		1AF4C38417865FB200122817 /* libchipmunk iOS.a */ = {
			isa = PBXReferenceProxy;
			fileType = archive.ar;
			path = "libchipmunk iOS.a";
			remoteRef = 1AF4C38317865FB200122817 /* PBXContainerItemProxy */;
			sourceTree = BUILT_PRODUCTS_DIR;
		};
		1AF4C38617865FB200122817 /* libbox2d iOS.a */ = {
			isa = PBXReferenceProxy;
			fileType = archive.ar;
			path = "libbox2d iOS.a";
			remoteRef = 1AF4C38517865FB200122817 /* PBXContainerItemProxy */;
			sourceTree = BUILT_PRODUCTS_DIR;
		};
		1AF4C38817865FB200122817 /* libCocosDenshion iOS.a */ = {
			isa = PBXReferenceProxy;
			fileType = archive.ar;
			path = "libCocosDenshion iOS.a";
			remoteRef = 1AF4C38717865FB200122817 /* PBXContainerItemProxy */;
			sourceTree = BUILT_PRODUCTS_DIR;
		};
		1AF4C38A17865FB200122817 /* libjsbindings iOS.a */ = {
			isa = PBXReferenceProxy;
			fileType = archive.ar;
			path = "libjsbindings iOS.a";
			remoteRef = 1AF4C38917865FB200122817 /* PBXContainerItemProxy */;
			sourceTree = BUILT_PRODUCTS_DIR;
		};
		1AF4C38C17865FB200122817 /* libluabindings iOS.a */ = {
			isa = PBXReferenceProxy;
			fileType = archive.ar;
			path = "libluabindings iOS.a";
			remoteRef = 1AF4C38B17865FB200122817 /* PBXContainerItemProxy */;
			sourceTree = BUILT_PRODUCTS_DIR;
		};
/* End PBXReferenceProxy section */

/* Begin PBXResourcesBuildPhase section */
		1D60588D0D05DD3D006BFB54 /* Resources */ = {
			isa = PBXResourcesBuildPhase;
			buildActionMask = 2147483647;
			files = (
				41BC70E515BF81A5006A0A6C /* InfoPlist.strings in Resources */,
				41BC70E615BF81A5006A0A6C /* MainMenu.xib in Resources */,
				41BC70E715BF81A5006A0A6C /* Icon.icns in Resources */,
				62442A9117C92DC70038F7AB /* main in Resources */,
			);
			runOnlyForDeploymentPostprocessing = 0;
		};
/* End PBXResourcesBuildPhase section */

/* Begin PBXSourcesBuildPhase section */
		1D60588E0D05DD3D006BFB54 /* Sources */ = {
			isa = PBXSourcesBuildPhase;
			buildActionMask = 2147483647;
			files = (
				41BC70E415BF81A5006A0A6C /* AppController.mm in Sources */,
				41BC70E815BF81A5006A0A6C /* main.m in Sources */,
				1AFAF8CA16D3886000DB1158 /* AppDelegate.cpp in Sources */,
				62442A3617C86AE80038F7AB /* B2DebugDrawLayer.cpp in Sources */,
				62442A3717C86AE80038F7AB /* GLES-Render.cpp in Sources */,
				62442A7417C91FA20038F7AB /* BAContactListener.cpp in Sources */,
				62442A7517C91FA20038F7AB /* BaseLayer.cpp in Sources */,
				62442A7617C91FA20038F7AB /* HudPowerBar.cpp in Sources */,
				62442A7817C91FA20038F7AB /* Collectable.cpp in Sources */,
				62442A7C17C91FA20038F7AB /* CollectableSpawnPoint.cpp in Sources */,
				62442A7D17C91FA20038F7AB /* Enemy.cpp in Sources */,
				62442A7E17C91FA20038F7AB /* BadNeuron.cpp in Sources */,
				62442A8117C91FA20038F7AB /* EnemySpawnPoint.cpp in Sources */,
				62442A8217C91FA20038F7AB /* Player.cpp in Sources */,
				62442A8417C91FA20038F7AB /* Nerve.cpp in Sources */,
				62442A8817C91FA20038F7AB /* GameObject.cpp in Sources */,
				62442A8917C91FA20038F7AB /* GamePlay.cpp in Sources */,
				62442A8A17C91FA20038F7AB /* HudApneaBar.cpp in Sources */,
				62442A8B17C91FA20038F7AB /* GameoverScene.cpp in Sources */,
				62442A8C17C91FA20038F7AB /* TitleScene.cpp in Sources */,
				62472F7417C98582005BD0C4 /* LevelTransition.cpp in Sources */,
				62472F8317C9B058005BD0C4 /* Pulse.cpp in Sources */,
				62472F8917C9C320005BD0C4 /* GameState.cpp in Sources */,
			);
			runOnlyForDeploymentPostprocessing = 0;
		};
/* End PBXSourcesBuildPhase section */

/* Begin PBXTargetDependency section */
		1AF4C38E17865FC700122817 /* PBXTargetDependency */ = {
			isa = PBXTargetDependency;
			name = "cocos2dx Mac";
			targetProxy = 1AF4C38D17865FC700122817 /* PBXContainerItemProxy */;
		};
		1AF4C39017865FC700122817 /* PBXTargetDependency */ = {
			isa = PBXTargetDependency;
			name = "cocos2dx-extensions Mac";
			targetProxy = 1AF4C38F17865FC700122817 /* PBXContainerItemProxy */;
		};
		1AF4C39217865FC700122817 /* PBXTargetDependency */ = {
			isa = PBXTargetDependency;
			name = "chipmunk Mac";
			targetProxy = 1AF4C39117865FC700122817 /* PBXContainerItemProxy */;
		};
		1AF4C39417865FC700122817 /* PBXTargetDependency */ = {
			isa = PBXTargetDependency;
			name = "box2d Mac";
			targetProxy = 1AF4C39317865FC700122817 /* PBXContainerItemProxy */;
		};
		1AF4C39617865FC700122817 /* PBXTargetDependency */ = {
			isa = PBXTargetDependency;
			name = "CocosDenshion Mac";
			targetProxy = 1AF4C39517865FC700122817 /* PBXContainerItemProxy */;
		};
/* End PBXTargetDependency section */

/* Begin PBXVariantGroup section */
		41BC70DC15BF81A5006A0A6C /* InfoPlist.strings */ = {
			isa = PBXVariantGroup;
			children = (
				41BC70DD15BF81A5006A0A6C /* en */,
			);
			name = InfoPlist.strings;
			sourceTree = "<group>";
		};
		41BC70DE15BF81A5006A0A6C /* MainMenu.xib */ = {
			isa = PBXVariantGroup;
			children = (
				41BC70DF15BF81A5006A0A6C /* en */,
			);
			name = MainMenu.xib;
			sourceTree = "<group>";
		};
/* End PBXVariantGroup section */

/* Begin XCBuildConfiguration section */
		1D6058940D05DD3E006BFB54 /* Debug */ = {
			isa = XCBuildConfiguration;
			buildSettings = {
				ALWAYS_SEARCH_USER_PATHS = NO;
				CLANG_CXX_LANGUAGE_STANDARD = "c++0x";
				CLANG_CXX_LIBRARY = "libc++";
				CODE_SIGN_IDENTITY = "";
				"CODE_SIGN_IDENTITY[sdk=iphoneos*]" = "";
				COPY_PHASE_STRIP = NO;
				GCC_DYNAMIC_NO_PIC = NO;
				GCC_INLINES_ARE_PRIVATE_EXTERN = NO;
				GCC_OPTIMIZATION_LEVEL = 0;
				GCC_PRECOMPILE_PREFIX_HEADER = YES;
				GCC_PREFIX_HEADER = Prefix.pch;
				GCC_PREPROCESSOR_DEFINITIONS = (
					"DEBUG=1",
					USE_FILE32API,
					CC_TARGET_OS_MAC,
					"COCOS2D_DEBUG=1",
					CC_KEYBOARD_SUPPORT,
				);
				GCC_SYMBOLS_PRIVATE_EXTERN = NO;
				GCC_VERSION = "";
				HEADER_SEARCH_PATHS = (
					"$(SRCROOT)/../../../CocosDenshion/include",
					"\"$(SRCROOT)/../../../external/chipmunk/include/constraints\"",
					"\"$(SRCROOT)/../../../external/chipmunk/include/chipmunk\"",
					"\"$(SRCROOT)/../../../cocos2dx/kazmath/include\"",
					"\"$(SRCROOT)/../../../extensions\"",
					"\"$(SRCROOT)/../../../external\"",
					"\"$(SRCROOT)/../../../cocos2dx\"",
					"\"$(SRCROOT)/../../../cocos2dx/include\"",
					"\"$(SRCROOT)/../../../cocos2dx/platform/mac\"",
				);
				INFOPLIST_FILE = Info.plist;
				LIBRARY_SEARCH_PATHS = "\"$(SRCROOT)/../../../cocos2dx/platform/third_party/mac/libraries\"";
				MACOSX_DEPLOYMENT_TARGET = 10.7;
				ONLY_ACTIVE_ARCH = YES;
				OTHER_CFLAGS = "-O2";
				PRODUCT_NAME = LudumDare27;
				SDKROOT = macosx;
				USER_HEADER_SEARCH_PATHS = "";
				VALID_ARCHS = "i386 x86_64";
			};
			name = Debug;
		};
		1D6058950D05DD3E006BFB54 /* Release */ = {
			isa = XCBuildConfiguration;
			buildSettings = {
				ALWAYS_SEARCH_USER_PATHS = NO;
				CLANG_CXX_LANGUAGE_STANDARD = "c++0x";
				CLANG_CXX_LIBRARY = "libc++";
				CODE_SIGN_IDENTITY = "";
				"CODE_SIGN_IDENTITY[sdk=iphoneos*]" = "";
				COPY_PHASE_STRIP = YES;
				GCC_INLINES_ARE_PRIVATE_EXTERN = NO;
				GCC_OPTIMIZATION_LEVEL = 0;
				GCC_PRECOMPILE_PREFIX_HEADER = YES;
				GCC_PREFIX_HEADER = Prefix.pch;
				GCC_PREPROCESSOR_DEFINITIONS = (
					NDEBUG,
					CC_TARGET_OS_MAC,
					USE_FILE32API,
					CC_KEYBOARD_SUPPORT,
				);
				GCC_SYMBOLS_PRIVATE_EXTERN = NO;
				GCC_VERSION = "";
				HEADER_SEARCH_PATHS = (
					"$(SRCROOT)/../../../CocosDenshion/include",
					"\"$(SRCROOT)/../../../external/chipmunk/include/constraints\"",
					"\"$(SRCROOT)/../../../external/chipmunk/include/chipmunk\"",
					"\"$(SRCROOT)/../../../cocos2dx/kazmath/include\"",
					"\"$(SRCROOT)/../../../extensions\"",
					"\"$(SRCROOT)/../../../external\"",
					"\"$(SRCROOT)/../../../cocos2dx\"",
					"\"$(SRCROOT)/../../../cocos2dx/include\"",
					"\"$(SRCROOT)/../../../cocos2dx/platform/mac\"",
				);
				INFOPLIST_FILE = Info.plist;
				LIBRARY_SEARCH_PATHS = "\"$(SRCROOT)/../../../cocos2dx/platform/third_party/mac/libraries\"";
				MACOSX_DEPLOYMENT_TARGET = 10.7;
				PRODUCT_NAME = LudumDare27;
				SDKROOT = macosx;
				USER_HEADER_SEARCH_PATHS = "";
				VALIDATE_PRODUCT = YES;
				VALID_ARCHS = "i386 x86_64";
			};
			name = Release;
		};
		C01FCF4F08A954540054247B /* Debug */ = {
			isa = XCBuildConfiguration;
			buildSettings = {
				ARCHS = "$(ARCHS_STANDARD_32_64_BIT)";
				GCC_C_LANGUAGE_STANDARD = c99;
				GCC_VERSION = "";
				GCC_WARN_ABOUT_RETURN_TYPE = YES;
				GCC_WARN_UNUSED_VARIABLE = YES;
				SDKROOT = macosx;
				VALID_ARCHS = "x86_64 i386";
			};
			name = Debug;
		};
		C01FCF5008A954540054247B /* Release */ = {
			isa = XCBuildConfiguration;
			buildSettings = {
				ARCHS = "$(ARCHS_STANDARD_32_64_BIT)";
				GCC_C_LANGUAGE_STANDARD = c99;
				GCC_VERSION = "";
				GCC_WARN_ABOUT_RETURN_TYPE = YES;
				GCC_WARN_UNUSED_VARIABLE = YES;
				OTHER_CFLAGS = "-DNS_BLOCK_ASSERTIONS=1";
				SDKROOT = macosx;
				VALID_ARCHS = "x86_64 i386";
			};
			name = Release;
		};
/* End XCBuildConfiguration section */

/* Begin XCConfigurationList section */
		1D6058960D05DD3E006BFB54 /* Build configuration list for PBXNativeTarget "LudumDare27" */ = {
			isa = XCConfigurationList;
			buildConfigurations = (
				1D6058940D05DD3E006BFB54 /* Debug */,
				1D6058950D05DD3E006BFB54 /* Release */,
			);
			defaultConfigurationIsVisible = 0;
			defaultConfigurationName = Debug;
		};
		C01FCF4E08A954540054247B /* Build configuration list for PBXProject "LudumDare27" */ = {
			isa = XCConfigurationList;
			buildConfigurations = (
				C01FCF4F08A954540054247B /* Debug */,
				C01FCF5008A954540054247B /* Release */,
			);
			defaultConfigurationIsVisible = 0;
			defaultConfigurationName = Debug;
		};
/* End XCConfigurationList section */
	};
	rootObject = 29B97313FDCFA39411CA2CEA /* Project object */;
}
